
Microsoft Visual Studio Solution File, Format Version 12.00
# Visual Studio 2012
Project("{FAE04EC0-301F-11D3-BF4B-00C04F79EFBC}") = "aquadrom", "aquadrom\aquadrom.csproj", "{D69B68E7-C076-4FC7-8B68-D27E63BD0113}"
EndProject
Project("{2150E333-8FDC-42A3-9474-1A3956D46DE8}") = ".nuget", ".nuget", "{90B35EA4-CBF2-4038-88ED-8CB1657491C2}"
	ProjectSection(SolutionItems) = preProject
		.nuget\packages.config = .nuget\packages.config
	EndProjectSection
EndProject
<<<<<<< HEAD
Project("{FAE04EC0-301F-11D3-BF4B-00C04F79EFBC}") = "UnitTestProject1", "UnitTestProject1\UnitTestProject1.csproj", "{9B94530E-0FEE-4962-B4ED-15A35C7D1836}"
=======
Project("{FAE04EC0-301F-11D3-BF4B-00C04F79EFBC}") = "Tests", "Tests\Tests.csproj", "{7B0548F1-FF6F-431E-9BAD-5F525A30F63B}"
>>>>>>> 72b6dc677fd78d548597989beb9998787d063a32
EndProject
Global
	GlobalSection(SolutionConfigurationPlatforms) = preSolution
		Debug|Any CPU = Debug|Any CPU
		Release|Any CPU = Release|Any CPU
	EndGlobalSection
	GlobalSection(ProjectConfigurationPlatforms) = postSolution
		{D69B68E7-C076-4FC7-8B68-D27E63BD0113}.Debug|Any CPU.ActiveCfg = Debug|Any CPU
		{D69B68E7-C076-4FC7-8B68-D27E63BD0113}.Debug|Any CPU.Build.0 = Debug|Any CPU
		{D69B68E7-C076-4FC7-8B68-D27E63BD0113}.Release|Any CPU.ActiveCfg = Release|Any CPU
		{D69B68E7-C076-4FC7-8B68-D27E63BD0113}.Release|Any CPU.Build.0 = Release|Any CPU
<<<<<<< HEAD
		{9B94530E-0FEE-4962-B4ED-15A35C7D1836}.Debug|Any CPU.ActiveCfg = Debug|Any CPU
		{9B94530E-0FEE-4962-B4ED-15A35C7D1836}.Debug|Any CPU.Build.0 = Debug|Any CPU
		{9B94530E-0FEE-4962-B4ED-15A35C7D1836}.Release|Any CPU.ActiveCfg = Release|Any CPU
		{9B94530E-0FEE-4962-B4ED-15A35C7D1836}.Release|Any CPU.Build.0 = Release|Any CPU
=======
		{7B0548F1-FF6F-431E-9BAD-5F525A30F63B}.Debug|Any CPU.ActiveCfg = Debug|Any CPU
		{7B0548F1-FF6F-431E-9BAD-5F525A30F63B}.Debug|Any CPU.Build.0 = Debug|Any CPU
		{7B0548F1-FF6F-431E-9BAD-5F525A30F63B}.Release|Any CPU.ActiveCfg = Release|Any CPU
		{7B0548F1-FF6F-431E-9BAD-5F525A30F63B}.Release|Any CPU.Build.0 = Release|Any CPU
>>>>>>> 72b6dc677fd78d548597989beb9998787d063a32
	EndGlobalSection
	GlobalSection(SolutionProperties) = preSolution
		HideSolutionNode = FALSE
	EndGlobalSection
EndGlobal
