Microsoft Visual Studio Solution File, Format Version 8.00
Project("{FAE04EC0-301F-11D3-BF4B-00C04F79EFBC}") = "sharpPDF", "sharpPDF.csproj", "{00B4A076-B134-4E93-BF98-E716FD302EC7}"
	ProjectSection(ProjectDependencies) = postProject
	EndProjectSection
EndProject
Global
	GlobalSection(SolutionConfiguration) = preSolution
		Debug = Debug
		Release = Release
	EndGlobalSection
	GlobalSection(ProjectConfiguration) = postSolution
		{00B4A076-B134-4E93-BF98-E716FD302EC7}.Debug.ActiveCfg = Debug|.NET
		{00B4A076-B134-4E93-BF98-E716FD302EC7}.Debug.Build.0 = Debug|.NET
		{00B4A076-B134-4E93-BF98-E716FD302EC7}.Release.ActiveCfg = Release|.NET
		{00B4A076-B134-4E93-BF98-E716FD302EC7}.Release.Build.0 = Release|.NET
	EndGlobalSection
	GlobalSection(ExtensibilityGlobals) = postSolution
	EndGlobalSection
	GlobalSection(ExtensibilityAddIns) = postSolution
	EndGlobalSection
EndGlobal
